
Microsoft Visual Studio Solution File, Format Version 12.00
# Visual Studio Version 16
VisualStudioVersion = 16.0.31229.75
MinimumVisualStudioVersion = 10.0.40219.1
Project("{8BC9CEB8-8B4A-11D0-8D11-00A0C91BC942}") = "01", "07장\07장.vcxproj", "{04E68B19-078B-4E47-898C-124A97A966CD}"
EndProject
Project("{8BC9CEB8-8B4A-11D0-8D11-00A0C91BC942}") = "02", "02\02.vcxproj", "{87D3E5F1-3B47-4DDF-A004-C6001D3E556A}"
EndProject
Project("{8BC9CEB8-8B4A-11D0-8D11-00A0C91BC942}") = "03", "03\03.vcxproj", "{8D080F3C-5479-4A38-9BAD-B429EEC01AA5}"
EndProject
Project("{8BC9CEB8-8B4A-11D0-8D11-00A0C91BC942}") = "04", "04\04.vcxproj", "{385F67E8-17DA-40BE-826E-5D4EC121EC64}"
EndProject
Project("{8BC9CEB8-8B4A-11D0-8D11-00A0C91BC942}") = "05", "05\05.vcxproj", "{CE799CA2-E074-429D-90E6-814DEBC2F475}"
EndProject
Project("{8BC9CEB8-8B4A-11D0-8D11-00A0C91BC942}") = "06", "06\06.vcxproj", "{75EC314D-FBFB-4B4B-955B-8334147F84B1}"
EndProject
Project("{8BC9CEB8-8B4A-11D0-8D11-00A0C91BC942}") = "07", "07\07.vcxproj", "{56982C79-551A-4057-A21A-7E8274B1348D}"
EndProject
Project("{8BC9CEB8-8B4A-11D0-8D11-00A0C91BC942}") = "08", "08\08.vcxproj", "{B8A7A327-E3CE-4B28-B41B-4C4A7CD61317}"
EndProject
Project("{8BC9CEB8-8B4A-11D0-8D11-00A0C91BC942}") = "09", "09\09.vcxproj", "{C0D69DE7-BF26-44E4-8BBB-6B18377A9145}"
EndProject
Project("{8BC9CEB8-8B4A-11D0-8D11-00A0C91BC942}") = "10", "10\10.vcxproj", "{EF1AFFA1-4E5B-42D5-8D04-82D2658848B0}"
EndProject
Project("{8BC9CEB8-8B4A-11D0-8D11-00A0C91BC942}") = "11", "11\11.vcxproj", "{A1B16C0F-40B8-474D-8528-664FE5BE9586}"
EndProject
Project("{8BC9CEB8-8B4A-11D0-8D11-00A0C91BC942}") = "12", "12\12.vcxproj", "{A44BE186-6A6B-40E6-8D59-731EA9CD7D87}"
EndProject
Project("{8BC9CEB8-8B4A-11D0-8D11-00A0C91BC942}") = "13", "13\13.vcxproj", "{D9B77E77-5B35-4882-B471-C0BC3488E8FF}"
EndProject
Project("{8BC9CEB8-8B4A-11D0-8D11-00A0C91BC942}") = "14", "14\14.vcxproj", "{D01D5490-C7E0-4B0E-81C5-86F17F4DD4E9}"
EndProject
Global
	GlobalSection(SolutionConfigurationPlatforms) = preSolution
		Debug|x64 = Debug|x64
		Debug|x86 = Debug|x86
		Release|x64 = Release|x64
		Release|x86 = Release|x86
	EndGlobalSection
	GlobalSection(ProjectConfigurationPlatforms) = postSolution
		{04E68B19-078B-4E47-898C-124A97A966CD}.Debug|x64.ActiveCfg = Debug|x64
		{04E68B19-078B-4E47-898C-124A97A966CD}.Debug|x64.Build.0 = Debug|x64
		{04E68B19-078B-4E47-898C-124A97A966CD}.Debug|x86.ActiveCfg = Debug|Win32
		{04E68B19-078B-4E47-898C-124A97A966CD}.Debug|x86.Build.0 = Debug|Win32
		{04E68B19-078B-4E47-898C-124A97A966CD}.Release|x64.ActiveCfg = Release|x64
		{04E68B19-078B-4E47-898C-124A97A966CD}.Release|x64.Build.0 = Release|x64
		{04E68B19-078B-4E47-898C-124A97A966CD}.Release|x86.ActiveCfg = Release|Win32
		{04E68B19-078B-4E47-898C-124A97A966CD}.Release|x86.Build.0 = Release|Win32
		{87D3E5F1-3B47-4DDF-A004-C6001D3E556A}.Debug|x64.ActiveCfg = Debug|x64
		{87D3E5F1-3B47-4DDF-A004-C6001D3E556A}.Debug|x64.Build.0 = Debug|x64
		{87D3E5F1-3B47-4DDF-A004-C6001D3E556A}.Debug|x86.ActiveCfg = Debug|Win32
		{87D3E5F1-3B47-4DDF-A004-C6001D3E556A}.Debug|x86.Build.0 = Debug|Win32
		{87D3E5F1-3B47-4DDF-A004-C6001D3E556A}.Release|x64.ActiveCfg = Release|x64
		{87D3E5F1-3B47-4DDF-A004-C6001D3E556A}.Release|x64.Build.0 = Release|x64
		{87D3E5F1-3B47-4DDF-A004-C6001D3E556A}.Release|x86.ActiveCfg = Release|Win32
		{87D3E5F1-3B47-4DDF-A004-C6001D3E556A}.Release|x86.Build.0 = Release|Win32
		{8D080F3C-5479-4A38-9BAD-B429EEC01AA5}.Debug|x64.ActiveCfg = Debug|x64
		{8D080F3C-5479-4A38-9BAD-B429EEC01AA5}.Debug|x64.Build.0 = Debug|x64
		{8D080F3C-5479-4A38-9BAD-B429EEC01AA5}.Debug|x86.ActiveCfg = Debug|Win32
		{8D080F3C-5479-4A38-9BAD-B429EEC01AA5}.Debug|x86.Build.0 = Debug|Win32
		{8D080F3C-5479-4A38-9BAD-B429EEC01AA5}.Release|x64.ActiveCfg = Release|x64
		{8D080F3C-5479-4A38-9BAD-B429EEC01AA5}.Release|x64.Build.0 = Release|x64
		{8D080F3C-5479-4A38-9BAD-B429EEC01AA5}.Release|x86.ActiveCfg = Release|Win32
		{8D080F3C-5479-4A38-9BAD-B429EEC01AA5}.Release|x86.Build.0 = Release|Win32
		{385F67E8-17DA-40BE-826E-5D4EC121EC64}.Debug|x64.ActiveCfg = Debug|x64
		{385F67E8-17DA-40BE-826E-5D4EC121EC64}.Debug|x64.Build.0 = Debug|x64
		{385F67E8-17DA-40BE-826E-5D4EC121EC64}.Debug|x86.ActiveCfg = Debug|Win32
		{385F67E8-17DA-40BE-826E-5D4EC121EC64}.Debug|x86.Build.0 = Debug|Win32
		{385F67E8-17DA-40BE-826E-5D4EC121EC64}.Release|x64.ActiveCfg = Release|x64
		{385F67E8-17DA-40BE-826E-5D4EC121EC64}.Release|x64.Build.0 = Release|x64
		{385F67E8-17DA-40BE-826E-5D4EC121EC64}.Release|x86.ActiveCfg = Release|Win32
		{385F67E8-17DA-40BE-826E-5D4EC121EC64}.Release|x86.Build.0 = Release|Win32
		{CE799CA2-E074-429D-90E6-814DEBC2F475}.Debug|x64.ActiveCfg = Debug|x64
		{CE799CA2-E074-429D-90E6-814DEBC2F475}.Debug|x64.Build.0 = Debug|x64
		{CE799CA2-E074-429D-90E6-814DEBC2F475}.Debug|x86.ActiveCfg = Debug|Win32
		{CE799CA2-E074-429D-90E6-814DEBC2F475}.Debug|x86.Build.0 = Debug|Win32
		{CE799CA2-E074-429D-90E6-814DEBC2F475}.Release|x64.ActiveCfg = Release|x64
		{CE799CA2-E074-429D-90E6-814DEBC2F475}.Release|x64.Build.0 = Release|x64
		{CE799CA2-E074-429D-90E6-814DEBC2F475}.Release|x86.ActiveCfg = Release|Win32
		{CE799CA2-E074-429D-90E6-814DEBC2F475}.Release|x86.Build.0 = Release|Win32
		{75EC314D-FBFB-4B4B-955B-8334147F84B1}.Debug|x64.ActiveCfg = Debug|x64
		{75EC314D-FBFB-4B4B-955B-8334147F84B1}.Debug|x64.Build.0 = Debug|x64
		{75EC314D-FBFB-4B4B-955B-8334147F84B1}.Debug|x86.ActiveCfg = Debug|Win32
		{75EC314D-FBFB-4B4B-955B-8334147F84B1}.Debug|x86.Build.0 = Debug|Win32
		{75EC314D-FBFB-4B4B-955B-8334147F84B1}.Release|x64.ActiveCfg = Release|x64
		{75EC314D-FBFB-4B4B-955B-8334147F84B1}.Release|x64.Build.0 = Release|x64
		{75EC314D-FBFB-4B4B-955B-8334147F84B1}.Release|x86.ActiveCfg = Release|Win32
		{75EC314D-FBFB-4B4B-955B-8334147F84B1}.Release|x86.Build.0 = Release|Win32
		{56982C79-551A-4057-A21A-7E8274B1348D}.Debug|x64.ActiveCfg = Debug|x64
		{56982C79-551A-4057-A21A-7E8274B1348D}.Debug|x64.Build.0 = Debug|x64
		{56982C79-551A-4057-A21A-7E8274B1348D}.Debug|x86.ActiveCfg = Debug|Win32
		{56982C79-551A-4057-A21A-7E8274B1348D}.Debug|x86.Build.0 = Debug|Win32
		{56982C79-551A-4057-A21A-7E8274B1348D}.Release|x64.ActiveCfg = Release|x64
		{56982C79-551A-4057-A21A-7E8274B1348D}.Release|x64.Build.0 = Release|x64
		{56982C79-551A-4057-A21A-7E8274B1348D}.Release|x86.ActiveCfg = Release|Win32
		{56982C79-551A-4057-A21A-7E8274B1348D}.Release|x86.Build.0 = Release|Win32
		{B8A7A327-E3CE-4B28-B41B-4C4A7CD61317}.Debug|x64.ActiveCfg = Debug|x64
		{B8A7A327-E3CE-4B28-B41B-4C4A7CD61317}.Debug|x64.Build.0 = Debug|x64
		{B8A7A327-E3CE-4B28-B41B-4C4A7CD61317}.Debug|x86.ActiveCfg = Debug|Win32
		{B8A7A327-E3CE-4B28-B41B-4C4A7CD61317}.Debug|x86.Build.0 = Debug|Win32
		{B8A7A327-E3CE-4B28-B41B-4C4A7CD61317}.Release|x64.ActiveCfg = Release|x64
		{B8A7A327-E3CE-4B28-B41B-4C4A7CD61317}.Release|x64.Build.0 = Release|x64
		{B8A7A327-E3CE-4B28-B41B-4C4A7CD61317}.Release|x86.ActiveCfg = Release|Win32
		{B8A7A327-E3CE-4B28-B41B-4C4A7CD61317}.Release|x86.Build.0 = Release|Win32
		{C0D69DE7-BF26-44E4-8BBB-6B18377A9145}.Debug|x64.ActiveCfg = Debug|x64
		{C0D69DE7-BF26-44E4-8BBB-6B18377A9145}.Debug|x64.Build.0 = Debug|x64
		{C0D69DE7-BF26-44E4-8BBB-6B18377A9145}.Debug|x86.ActiveCfg = Debug|Win32
		{C0D69DE7-BF26-44E4-8BBB-6B18377A9145}.Debug|x86.Build.0 = Debug|Win32
		{C0D69DE7-BF26-44E4-8BBB-6B18377A9145}.Release|x64.ActiveCfg = Release|x64
		{C0D69DE7-BF26-44E4-8BBB-6B18377A9145}.Release|x64.Build.0 = Release|x64
		{C0D69DE7-BF26-44E4-8BBB-6B18377A9145}.Release|x86.ActiveCfg = Release|Win32
		{C0D69DE7-BF26-44E4-8BBB-6B18377A9145}.Release|x86.Build.0 = Release|Win32
		{EF1AFFA1-4E5B-42D5-8D04-82D2658848B0}.Debug|x64.ActiveCfg = Debug|x64
		{EF1AFFA1-4E5B-42D5-8D04-82D2658848B0}.Debug|x64.Build.0 = Debug|x64
		{EF1AFFA1-4E5B-42D5-8D04-82D2658848B0}.Debug|x86.ActiveCfg = Debug|Win32
		{EF1AFFA1-4E5B-42D5-8D04-82D2658848B0}.Debug|x86.Build.0 = Debug|Win32
		{EF1AFFA1-4E5B-42D5-8D04-82D2658848B0}.Release|x64.ActiveCfg = Release|x64
		{EF1AFFA1-4E5B-42D5-8D04-82D2658848B0}.Release|x64.Build.0 = Release|x64
		{EF1AFFA1-4E5B-42D5-8D04-82D2658848B0}.Release|x86.ActiveCfg = Release|Win32
		{EF1AFFA1-4E5B-42D5-8D04-82D2658848B0}.Release|x86.Build.0 = Release|Win32
		{A1B16C0F-40B8-474D-8528-664FE5BE9586}.Debug|x64.ActiveCfg = Debug|x64
		{A1B16C0F-40B8-474D-8528-664FE5BE9586}.Debug|x64.Build.0 = Debug|x64
		{A1B16C0F-40B8-474D-8528-664FE5BE9586}.Debug|x86.ActiveCfg = Debug|Win32
		{A1B16C0F-40B8-474D-8528-664FE5BE9586}.Debug|x86.Build.0 = Debug|Win32
		{A1B16C0F-40B8-474D-8528-664FE5BE9586}.Release|x64.ActiveCfg = Release|x64
		{A1B16C0F-40B8-474D-8528-664FE5BE9586}.Release|x64.Build.0 = Release|x64
		{A1B16C0F-40B8-474D-8528-664FE5BE9586}.Release|x86.ActiveCfg = Release|Win32
		{A1B16C0F-40B8-474D-8528-664FE5BE9586}.Release|x86.Build.0 = Release|Win32
		{A44BE186-6A6B-40E6-8D59-731EA9CD7D87}.Debug|x64.ActiveCfg = Debug|x64
		{A44BE186-6A6B-40E6-8D59-731EA9CD7D87}.Debug|x64.Build.0 = Debug|x64
		{A44BE186-6A6B-40E6-8D59-731EA9CD7D87}.Debug|x86.ActiveCfg = Debug|Win32
		{A44BE186-6A6B-40E6-8D59-731EA9CD7D87}.Debug|x86.Build.0 = Debug|Win32
		{A44BE186-6A6B-40E6-8D59-731EA9CD7D87}.Release|x64.ActiveCfg = Release|x64
		{A44BE186-6A6B-40E6-8D59-731EA9CD7D87}.Release|x64.Build.0 = Release|x64
		{A44BE186-6A6B-40E6-8D59-731EA9CD7D87}.Release|x86.ActiveCfg = Release|Win32
		{A44BE186-6A6B-40E6-8D59-731EA9CD7D87}.Release|x86.Build.0 = Release|Win32
		{D9B77E77-5B35-4882-B471-C0BC3488E8FF}.Debug|x64.ActiveCfg = Debug|x64
		{D9B77E77-5B35-4882-B471-C0BC3488E8FF}.Debug|x64.Build.0 = Debug|x64
		{D9B77E77-5B35-4882-B471-C0BC3488E8FF}.Debug|x86.ActiveCfg = Debug|Win32
		{D9B77E77-5B35-4882-B471-C0BC3488E8FF}.Debug|x86.Build.0 = Debug|Win32
		{D9B77E77-5B35-4882-B471-C0BC3488E8FF}.Release|x64.ActiveCfg = Release|x64
		{D9B77E77-5B35-4882-B471-C0BC3488E8FF}.Release|x64.Build.0 = Release|x64
		{D9B77E77-5B35-4882-B471-C0BC3488E8FF}.Release|x86.ActiveCfg = Release|Win32
		{D9B77E77-5B35-4882-B471-C0BC3488E8FF}.Release|x86.Build.0 = Release|Win32
		{D01D5490-C7E0-4B0E-81C5-86F17F4DD4E9}.Debug|x64.ActiveCfg = Debug|x64
		{D01D5490-C7E0-4B0E-81C5-86F17F4DD4E9}.Debug|x64.Build.0 = Debug|x64
		{D01D5490-C7E0-4B0E-81C5-86F17F4DD4E9}.Debug|x86.ActiveCfg = Debug|Win32
		{D01D5490-C7E0-4B0E-81C5-86F17F4DD4E9}.Debug|x86.Build.0 = Debug|Win32
		{D01D5490-C7E0-4B0E-81C5-86F17F4DD4E9}.Release|x64.ActiveCfg = Release|x64
		{D01D5490-C7E0-4B0E-81C5-86F17F4DD4E9}.Release|x64.Build.0 = Release|x64
		{D01D5490-C7E0-4B0E-81C5-86F17F4DD4E9}.Release|x86.ActiveCfg = Release|Win32
		{D01D5490-C7E0-4B0E-81C5-86F17F4DD4E9}.Release|x86.Build.0 = Release|Win32
	EndGlobalSection
	GlobalSection(SolutionProperties) = preSolution
		HideSolutionNode = FALSE
	EndGlobalSection
	GlobalSection(ExtensibilityGlobals) = postSolution
		SolutionGuid = {09EF47A9-A31D-4664-8C58-08655DD3DE1D}
	EndGlobalSection
EndGlobal
