
Microsoft Visual Studio Solution File, Format Version 12.00
# Visual Studio Version 16
VisualStudioVersion = 16.0.31112.23
MinimumVisualStudioVersion = 10.0.40219.1
Project("{8BC9CEB8-8B4A-11D0-8D11-00A0C91BC942}") = "Exam03", "Exam03\Exam03.vcxproj", "{897D2023-B047-415E-B755-6928619EA1FC}"
EndProject
Project("{8BC9CEB8-8B4A-11D0-8D11-00A0C91BC942}") = "Test", "Test\Test.vcxproj", "{EC54199C-0FF3-4437-BD0F-705335A504EE}"
EndProject
Project("{8BC9CEB8-8B4A-11D0-8D11-00A0C91BC942}") = "Test2", "Test2\Test2.vcxproj", "{59972736-1775-4AE6-AA0A-F7A3171CC242}"
EndProject
Global
	GlobalSection(SolutionConfigurationPlatforms) = preSolution
		Debug|x64 = Debug|x64
		Debug|x86 = Debug|x86
		Release|x64 = Release|x64
		Release|x86 = Release|x86
	EndGlobalSection
	GlobalSection(ProjectConfigurationPlatforms) = postSolution
		{897D2023-B047-415E-B755-6928619EA1FC}.Debug|x64.ActiveCfg = Debug|x64
		{897D2023-B047-415E-B755-6928619EA1FC}.Debug|x64.Build.0 = Debug|x64
		{897D2023-B047-415E-B755-6928619EA1FC}.Debug|x86.ActiveCfg = Debug|Win32
		{897D2023-B047-415E-B755-6928619EA1FC}.Debug|x86.Build.0 = Debug|Win32
		{897D2023-B047-415E-B755-6928619EA1FC}.Release|x64.ActiveCfg = Release|x64
		{897D2023-B047-415E-B755-6928619EA1FC}.Release|x64.Build.0 = Release|x64
		{897D2023-B047-415E-B755-6928619EA1FC}.Release|x86.ActiveCfg = Release|Win32
		{897D2023-B047-415E-B755-6928619EA1FC}.Release|x86.Build.0 = Release|Win32
		{EC54199C-0FF3-4437-BD0F-705335A504EE}.Debug|x64.ActiveCfg = Debug|x64
		{EC54199C-0FF3-4437-BD0F-705335A504EE}.Debug|x64.Build.0 = Debug|x64
		{EC54199C-0FF3-4437-BD0F-705335A504EE}.Debug|x86.ActiveCfg = Debug|Win32
		{EC54199C-0FF3-4437-BD0F-705335A504EE}.Debug|x86.Build.0 = Debug|Win32
		{EC54199C-0FF3-4437-BD0F-705335A504EE}.Release|x64.ActiveCfg = Release|x64
		{EC54199C-0FF3-4437-BD0F-705335A504EE}.Release|x64.Build.0 = Release|x64
		{EC54199C-0FF3-4437-BD0F-705335A504EE}.Release|x86.ActiveCfg = Release|Win32
		{EC54199C-0FF3-4437-BD0F-705335A504EE}.Release|x86.Build.0 = Release|Win32
		{59972736-1775-4AE6-AA0A-F7A3171CC242}.Debug|x64.ActiveCfg = Debug|x64
		{59972736-1775-4AE6-AA0A-F7A3171CC242}.Debug|x64.Build.0 = Debug|x64
		{59972736-1775-4AE6-AA0A-F7A3171CC242}.Debug|x86.ActiveCfg = Debug|Win32
		{59972736-1775-4AE6-AA0A-F7A3171CC242}.Debug|x86.Build.0 = Debug|Win32
		{59972736-1775-4AE6-AA0A-F7A3171CC242}.Release|x64.ActiveCfg = Release|x64
		{59972736-1775-4AE6-AA0A-F7A3171CC242}.Release|x64.Build.0 = Release|x64
		{59972736-1775-4AE6-AA0A-F7A3171CC242}.Release|x86.ActiveCfg = Release|Win32
		{59972736-1775-4AE6-AA0A-F7A3171CC242}.Release|x86.Build.0 = Release|Win32
	EndGlobalSection
	GlobalSection(SolutionProperties) = preSolution
		HideSolutionNode = FALSE
	EndGlobalSection
	GlobalSection(ExtensibilityGlobals) = postSolution
		SolutionGuid = {4DD5BB34-DACB-4576-8D19-65949BCDD857}
	EndGlobalSection
EndGlobal
