
Microsoft Visual Studio Solution File, Format Version 12.00
# Visual Studio Version 16
VisualStudioVersion = 16.0.31229.75
MinimumVisualStudioVersion = 10.0.40219.1
Project("{8BC9CEB8-8B4A-11D0-8D11-00A0C91BC942}") = "11.21", "11.21\11.21.vcxproj", "{F68AAE18-8EA9-416B-8162-7B24AD90FFFF}"
EndProject
Project("{8BC9CEB8-8B4A-11D0-8D11-00A0C91BC942}") = "02", "02\02.vcxproj", "{0EE38343-B3B8-435F-984C-6AD63A91E144}"
EndProject
Project("{8BC9CEB8-8B4A-11D0-8D11-00A0C91BC942}") = "02-1", "02-1\02-1.vcxproj", "{F2F6BE20-5823-4E9A-817D-E975836427B7}"
EndProject
Project("{8BC9CEB8-8B4A-11D0-8D11-00A0C91BC942}") = "03", "03\03.vcxproj", "{DE84B906-6CBD-44E9-813F-A1A7E4A2EE12}"
EndProject
Project("{8BC9CEB8-8B4A-11D0-8D11-00A0C91BC942}") = "04", "04\04.vcxproj", "{3E8A3847-8D74-4BF6-B070-89760D6BE9F6}"
EndProject
Project("{8BC9CEB8-8B4A-11D0-8D11-00A0C91BC942}") = "05", "05\05.vcxproj", "{3A02471B-8C4B-4F78-AEF7-A4664E38CD98}"
EndProject
Project("{8BC9CEB8-8B4A-11D0-8D11-00A0C91BC942}") = "06", "06\06.vcxproj", "{F3A9A869-EC5F-4815-B726-0177498A85BC}"
EndProject
Project("{8BC9CEB8-8B4A-11D0-8D11-00A0C91BC942}") = "06-1", "06-1\06-1.vcxproj", "{8D96B223-2113-49AD-BF22-220F5BE8FCB2}"
EndProject
Global
	GlobalSection(SolutionConfigurationPlatforms) = preSolution
		Debug|x64 = Debug|x64
		Debug|x86 = Debug|x86
		Release|x64 = Release|x64
		Release|x86 = Release|x86
	EndGlobalSection
	GlobalSection(ProjectConfigurationPlatforms) = postSolution
		{F68AAE18-8EA9-416B-8162-7B24AD90FFFF}.Debug|x64.ActiveCfg = Debug|x64
		{F68AAE18-8EA9-416B-8162-7B24AD90FFFF}.Debug|x64.Build.0 = Debug|x64
		{F68AAE18-8EA9-416B-8162-7B24AD90FFFF}.Debug|x86.ActiveCfg = Debug|Win32
		{F68AAE18-8EA9-416B-8162-7B24AD90FFFF}.Debug|x86.Build.0 = Debug|Win32
		{F68AAE18-8EA9-416B-8162-7B24AD90FFFF}.Release|x64.ActiveCfg = Release|x64
		{F68AAE18-8EA9-416B-8162-7B24AD90FFFF}.Release|x64.Build.0 = Release|x64
		{F68AAE18-8EA9-416B-8162-7B24AD90FFFF}.Release|x86.ActiveCfg = Release|Win32
		{F68AAE18-8EA9-416B-8162-7B24AD90FFFF}.Release|x86.Build.0 = Release|Win32
		{0EE38343-B3B8-435F-984C-6AD63A91E144}.Debug|x64.ActiveCfg = Debug|x64
		{0EE38343-B3B8-435F-984C-6AD63A91E144}.Debug|x64.Build.0 = Debug|x64
		{0EE38343-B3B8-435F-984C-6AD63A91E144}.Debug|x86.ActiveCfg = Debug|Win32
		{0EE38343-B3B8-435F-984C-6AD63A91E144}.Debug|x86.Build.0 = Debug|Win32
		{0EE38343-B3B8-435F-984C-6AD63A91E144}.Release|x64.ActiveCfg = Release|x64
		{0EE38343-B3B8-435F-984C-6AD63A91E144}.Release|x64.Build.0 = Release|x64
		{0EE38343-B3B8-435F-984C-6AD63A91E144}.Release|x86.ActiveCfg = Release|Win32
		{0EE38343-B3B8-435F-984C-6AD63A91E144}.Release|x86.Build.0 = Release|Win32
		{F2F6BE20-5823-4E9A-817D-E975836427B7}.Debug|x64.ActiveCfg = Debug|x64
		{F2F6BE20-5823-4E9A-817D-E975836427B7}.Debug|x64.Build.0 = Debug|x64
		{F2F6BE20-5823-4E9A-817D-E975836427B7}.Debug|x86.ActiveCfg = Debug|Win32
		{F2F6BE20-5823-4E9A-817D-E975836427B7}.Debug|x86.Build.0 = Debug|Win32
		{F2F6BE20-5823-4E9A-817D-E975836427B7}.Release|x64.ActiveCfg = Release|x64
		{F2F6BE20-5823-4E9A-817D-E975836427B7}.Release|x64.Build.0 = Release|x64
		{F2F6BE20-5823-4E9A-817D-E975836427B7}.Release|x86.ActiveCfg = Release|Win32
		{F2F6BE20-5823-4E9A-817D-E975836427B7}.Release|x86.Build.0 = Release|Win32
		{DE84B906-6CBD-44E9-813F-A1A7E4A2EE12}.Debug|x64.ActiveCfg = Debug|x64
		{DE84B906-6CBD-44E9-813F-A1A7E4A2EE12}.Debug|x64.Build.0 = Debug|x64
		{DE84B906-6CBD-44E9-813F-A1A7E4A2EE12}.Debug|x86.ActiveCfg = Debug|Win32
		{DE84B906-6CBD-44E9-813F-A1A7E4A2EE12}.Debug|x86.Build.0 = Debug|Win32
		{DE84B906-6CBD-44E9-813F-A1A7E4A2EE12}.Release|x64.ActiveCfg = Release|x64
		{DE84B906-6CBD-44E9-813F-A1A7E4A2EE12}.Release|x64.Build.0 = Release|x64
		{DE84B906-6CBD-44E9-813F-A1A7E4A2EE12}.Release|x86.ActiveCfg = Release|Win32
		{DE84B906-6CBD-44E9-813F-A1A7E4A2EE12}.Release|x86.Build.0 = Release|Win32
		{3E8A3847-8D74-4BF6-B070-89760D6BE9F6}.Debug|x64.ActiveCfg = Debug|x64
		{3E8A3847-8D74-4BF6-B070-89760D6BE9F6}.Debug|x64.Build.0 = Debug|x64
		{3E8A3847-8D74-4BF6-B070-89760D6BE9F6}.Debug|x86.ActiveCfg = Debug|Win32
		{3E8A3847-8D74-4BF6-B070-89760D6BE9F6}.Debug|x86.Build.0 = Debug|Win32
		{3E8A3847-8D74-4BF6-B070-89760D6BE9F6}.Release|x64.ActiveCfg = Release|x64
		{3E8A3847-8D74-4BF6-B070-89760D6BE9F6}.Release|x64.Build.0 = Release|x64
		{3E8A3847-8D74-4BF6-B070-89760D6BE9F6}.Release|x86.ActiveCfg = Release|Win32
		{3E8A3847-8D74-4BF6-B070-89760D6BE9F6}.Release|x86.Build.0 = Release|Win32
		{3A02471B-8C4B-4F78-AEF7-A4664E38CD98}.Debug|x64.ActiveCfg = Debug|x64
		{3A02471B-8C4B-4F78-AEF7-A4664E38CD98}.Debug|x64.Build.0 = Debug|x64
		{3A02471B-8C4B-4F78-AEF7-A4664E38CD98}.Debug|x86.ActiveCfg = Debug|Win32
		{3A02471B-8C4B-4F78-AEF7-A4664E38CD98}.Debug|x86.Build.0 = Debug|Win32
		{3A02471B-8C4B-4F78-AEF7-A4664E38CD98}.Release|x64.ActiveCfg = Release|x64
		{3A02471B-8C4B-4F78-AEF7-A4664E38CD98}.Release|x64.Build.0 = Release|x64
		{3A02471B-8C4B-4F78-AEF7-A4664E38CD98}.Release|x86.ActiveCfg = Release|Win32
		{3A02471B-8C4B-4F78-AEF7-A4664E38CD98}.Release|x86.Build.0 = Release|Win32
		{F3A9A869-EC5F-4815-B726-0177498A85BC}.Debug|x64.ActiveCfg = Debug|x64
		{F3A9A869-EC5F-4815-B726-0177498A85BC}.Debug|x64.Build.0 = Debug|x64
		{F3A9A869-EC5F-4815-B726-0177498A85BC}.Debug|x86.ActiveCfg = Debug|Win32
		{F3A9A869-EC5F-4815-B726-0177498A85BC}.Debug|x86.Build.0 = Debug|Win32
		{F3A9A869-EC5F-4815-B726-0177498A85BC}.Release|x64.ActiveCfg = Release|x64
		{F3A9A869-EC5F-4815-B726-0177498A85BC}.Release|x64.Build.0 = Release|x64
		{F3A9A869-EC5F-4815-B726-0177498A85BC}.Release|x86.ActiveCfg = Release|Win32
		{F3A9A869-EC5F-4815-B726-0177498A85BC}.Release|x86.Build.0 = Release|Win32
		{8D96B223-2113-49AD-BF22-220F5BE8FCB2}.Debug|x64.ActiveCfg = Debug|x64
		{8D96B223-2113-49AD-BF22-220F5BE8FCB2}.Debug|x64.Build.0 = Debug|x64
		{8D96B223-2113-49AD-BF22-220F5BE8FCB2}.Debug|x86.ActiveCfg = Debug|Win32
		{8D96B223-2113-49AD-BF22-220F5BE8FCB2}.Debug|x86.Build.0 = Debug|Win32
		{8D96B223-2113-49AD-BF22-220F5BE8FCB2}.Release|x64.ActiveCfg = Release|x64
		{8D96B223-2113-49AD-BF22-220F5BE8FCB2}.Release|x64.Build.0 = Release|x64
		{8D96B223-2113-49AD-BF22-220F5BE8FCB2}.Release|x86.ActiveCfg = Release|Win32
		{8D96B223-2113-49AD-BF22-220F5BE8FCB2}.Release|x86.Build.0 = Release|Win32
	EndGlobalSection
	GlobalSection(SolutionProperties) = preSolution
		HideSolutionNode = FALSE
	EndGlobalSection
	GlobalSection(ExtensibilityGlobals) = postSolution
		SolutionGuid = {42E48EBE-6F79-4C8D-862D-32EDAD436C59}
	EndGlobalSection
EndGlobal
