
Microsoft Visual Studio Solution File, Format Version 12.00
# Visual Studio Version 16
VisualStudioVersion = 16.0.31105.61
MinimumVisualStudioVersion = 10.0.40219.1
Project("{8BC9CEB8-8B4A-11D0-8D11-00A0C91BC942}") = "Exam01", "Exam01\Exam01.vcxproj", "{575D0E89-7FD2-41E5-8355-2CD05419C599}"
EndProject
Project("{8BC9CEB8-8B4A-11D0-8D11-00A0C91BC942}") = "Exam02", "Exam02\Exam02.vcxproj", "{775B4CB5-97C1-4BEB-A8F1-CFEBE50AA23B}"
EndProject
Global
	GlobalSection(SolutionConfigurationPlatforms) = preSolution
		Debug|x64 = Debug|x64
		Debug|x86 = Debug|x86
		Release|x64 = Release|x64
		Release|x86 = Release|x86
	EndGlobalSection
	GlobalSection(ProjectConfigurationPlatforms) = postSolution
		{575D0E89-7FD2-41E5-8355-2CD05419C599}.Debug|x64.ActiveCfg = Debug|x64
		{575D0E89-7FD2-41E5-8355-2CD05419C599}.Debug|x64.Build.0 = Debug|x64
		{575D0E89-7FD2-41E5-8355-2CD05419C599}.Debug|x86.ActiveCfg = Debug|Win32
		{575D0E89-7FD2-41E5-8355-2CD05419C599}.Debug|x86.Build.0 = Debug|Win32
		{575D0E89-7FD2-41E5-8355-2CD05419C599}.Release|x64.ActiveCfg = Release|x64
		{575D0E89-7FD2-41E5-8355-2CD05419C599}.Release|x64.Build.0 = Release|x64
		{575D0E89-7FD2-41E5-8355-2CD05419C599}.Release|x86.ActiveCfg = Release|Win32
		{575D0E89-7FD2-41E5-8355-2CD05419C599}.Release|x86.Build.0 = Release|Win32
		{775B4CB5-97C1-4BEB-A8F1-CFEBE50AA23B}.Debug|x64.ActiveCfg = Debug|x64
		{775B4CB5-97C1-4BEB-A8F1-CFEBE50AA23B}.Debug|x64.Build.0 = Debug|x64
		{775B4CB5-97C1-4BEB-A8F1-CFEBE50AA23B}.Debug|x86.ActiveCfg = Debug|Win32
		{775B4CB5-97C1-4BEB-A8F1-CFEBE50AA23B}.Debug|x86.Build.0 = Debug|Win32
		{775B4CB5-97C1-4BEB-A8F1-CFEBE50AA23B}.Release|x64.ActiveCfg = Release|x64
		{775B4CB5-97C1-4BEB-A8F1-CFEBE50AA23B}.Release|x64.Build.0 = Release|x64
		{775B4CB5-97C1-4BEB-A8F1-CFEBE50AA23B}.Release|x86.ActiveCfg = Release|Win32
		{775B4CB5-97C1-4BEB-A8F1-CFEBE50AA23B}.Release|x86.Build.0 = Release|Win32
	EndGlobalSection
	GlobalSection(SolutionProperties) = preSolution
		HideSolutionNode = FALSE
	EndGlobalSection
	GlobalSection(ExtensibilityGlobals) = postSolution
		SolutionGuid = {A0A5AA20-D846-426F-BDF5-90DE9D8F7515}
	EndGlobalSection
EndGlobal
