
Microsoft Visual Studio Solution File, Format Version 12.00
# Visual Studio Version 16
VisualStudioVersion = 16.0.31229.75
MinimumVisualStudioVersion = 10.0.40219.1
Project("{8BC9CEB8-8B4A-11D0-8D11-00A0C91BC942}") = "01", "01\01.vcxproj", "{9BA08BF5-BD58-474C-9E9C-E6897B4801EB}"
EndProject
Project("{8BC9CEB8-8B4A-11D0-8D11-00A0C91BC942}") = "02", "02\02.vcxproj", "{D2F24C5F-AA94-431A-BCF2-025EB00B8D91}"
EndProject
Global
	GlobalSection(SolutionConfigurationPlatforms) = preSolution
		Debug|x64 = Debug|x64
		Debug|x86 = Debug|x86
		Release|x64 = Release|x64
		Release|x86 = Release|x86
	EndGlobalSection
	GlobalSection(ProjectConfigurationPlatforms) = postSolution
		{9BA08BF5-BD58-474C-9E9C-E6897B4801EB}.Debug|x64.ActiveCfg = Debug|x64
		{9BA08BF5-BD58-474C-9E9C-E6897B4801EB}.Debug|x64.Build.0 = Debug|x64
		{9BA08BF5-BD58-474C-9E9C-E6897B4801EB}.Debug|x86.ActiveCfg = Debug|Win32
		{9BA08BF5-BD58-474C-9E9C-E6897B4801EB}.Debug|x86.Build.0 = Debug|Win32
		{9BA08BF5-BD58-474C-9E9C-E6897B4801EB}.Release|x64.ActiveCfg = Release|x64
		{9BA08BF5-BD58-474C-9E9C-E6897B4801EB}.Release|x64.Build.0 = Release|x64
		{9BA08BF5-BD58-474C-9E9C-E6897B4801EB}.Release|x86.ActiveCfg = Release|Win32
		{9BA08BF5-BD58-474C-9E9C-E6897B4801EB}.Release|x86.Build.0 = Release|Win32
		{D2F24C5F-AA94-431A-BCF2-025EB00B8D91}.Debug|x64.ActiveCfg = Debug|x64
		{D2F24C5F-AA94-431A-BCF2-025EB00B8D91}.Debug|x64.Build.0 = Debug|x64
		{D2F24C5F-AA94-431A-BCF2-025EB00B8D91}.Debug|x86.ActiveCfg = Debug|Win32
		{D2F24C5F-AA94-431A-BCF2-025EB00B8D91}.Debug|x86.Build.0 = Debug|Win32
		{D2F24C5F-AA94-431A-BCF2-025EB00B8D91}.Release|x64.ActiveCfg = Release|x64
		{D2F24C5F-AA94-431A-BCF2-025EB00B8D91}.Release|x64.Build.0 = Release|x64
		{D2F24C5F-AA94-431A-BCF2-025EB00B8D91}.Release|x86.ActiveCfg = Release|Win32
		{D2F24C5F-AA94-431A-BCF2-025EB00B8D91}.Release|x86.Build.0 = Release|Win32
	EndGlobalSection
	GlobalSection(SolutionProperties) = preSolution
		HideSolutionNode = FALSE
	EndGlobalSection
	GlobalSection(ExtensibilityGlobals) = postSolution
		SolutionGuid = {ED6F0260-126F-4AEB-9D61-B16879809F08}
	EndGlobalSection
EndGlobal
