
Microsoft Visual Studio Solution File, Format Version 12.00
# Visual Studio Version 16
VisualStudioVersion = 16.0.31112.23
MinimumVisualStudioVersion = 10.0.40219.1
Project("{8BC9CEB8-8B4A-11D0-8D11-00A0C91BC942}") = "3.16(1)", "practice01\practice01.vcxproj", "{FF3A7DA1-4CF5-4969-B83D-A47710BC9966}"
EndProject
Project("{8BC9CEB8-8B4A-11D0-8D11-00A0C91BC942}") = "3.22(1)", "practice03\practice03.vcxproj", "{7355CC61-2BDD-4203-848B-A0911231F3D3}"
EndProject
Project("{8BC9CEB8-8B4A-11D0-8D11-00A0C91BC942}") = "4.5(1)", "practice06\practice06.vcxproj", "{8FEEC47A-49A5-4836-A552-0CEE0650CC16}"
EndProject
Project("{8BC9CEB8-8B4A-11D0-8D11-00A0C91BC942}") = "5.3(1)", "practice10\practice10.vcxproj", "{7D283EBB-D0B8-48EC-9F4F-AB60A9AD797B}"
EndProject
Project("{8BC9CEB8-8B4A-11D0-8D11-00A0C91BC942}") = "5.6", "practice13\practice13.vcxproj", "{5791EF52-0C93-4BD7-BF8C-EC369BE5DB60}"
EndProject
Project("{8BC9CEB8-8B4A-11D0-8D11-00A0C91BC942}") = "3.16(2)", "practice02\practice02.vcxproj", "{C2D92B21-797F-45A4-A056-852ACC8652F8}"
EndProject
Project("{8BC9CEB8-8B4A-11D0-8D11-00A0C91BC942}") = "3.22(2)", "practice4\practice4.vcxproj", "{188823FE-C23F-4E27-B230-FC98910E9887}"
EndProject
Project("{8BC9CEB8-8B4A-11D0-8D11-00A0C91BC942}") = "3.22(3)", "practice5\practice5.vcxproj", "{A0B969B6-E5EF-454A-BD4F-E8F429ACE938}"
EndProject
Project("{8BC9CEB8-8B4A-11D0-8D11-00A0C91BC942}") = "4.5(2)", "practice07\practice07.vcxproj", "{3267B10C-E8DD-45E5-989E-E6C7DEC2C9E6}"
EndProject
Project("{8BC9CEB8-8B4A-11D0-8D11-00A0C91BC942}") = "4.5(3)", "practice08\practice08.vcxproj", "{FA2723F4-4223-4530-8509-35E04D0A7A47}"
EndProject
Project("{8BC9CEB8-8B4A-11D0-8D11-00A0C91BC942}") = "4.5(4)", "practice09\practice09.vcxproj", "{03E5BEEC-2923-48C7-BA36-A5CF31B6B134}"
EndProject
Project("{8BC9CEB8-8B4A-11D0-8D11-00A0C91BC942}") = "5.3(2)", "practice11\practice11.vcxproj", "{85FD32AB-148D-4364-95E3-9D1F5AF96BF6}"
EndProject
Project("{8BC9CEB8-8B4A-11D0-8D11-00A0C91BC942}") = "5.3(3)", "practice12\practice12.vcxproj", "{0BB181AF-57D5-4527-9951-1EFE21C6F9D3}"
EndProject
Project("{8BC9CEB8-8B4A-11D0-8D11-00A0C91BC942}") = "5.10", "5.10(1)\5.10(1).vcxproj", "{BBEF58C4-8DED-4EBF-9A5B-C31C8DF92255}"
EndProject
Global
	GlobalSection(SolutionConfigurationPlatforms) = preSolution
		Debug|x64 = Debug|x64
		Debug|x86 = Debug|x86
		Release|x64 = Release|x64
		Release|x86 = Release|x86
	EndGlobalSection
	GlobalSection(ProjectConfigurationPlatforms) = postSolution
		{FF3A7DA1-4CF5-4969-B83D-A47710BC9966}.Debug|x64.ActiveCfg = Debug|x64
		{FF3A7DA1-4CF5-4969-B83D-A47710BC9966}.Debug|x64.Build.0 = Debug|x64
		{FF3A7DA1-4CF5-4969-B83D-A47710BC9966}.Debug|x86.ActiveCfg = Debug|Win32
		{FF3A7DA1-4CF5-4969-B83D-A47710BC9966}.Debug|x86.Build.0 = Debug|Win32
		{FF3A7DA1-4CF5-4969-B83D-A47710BC9966}.Release|x64.ActiveCfg = Release|x64
		{FF3A7DA1-4CF5-4969-B83D-A47710BC9966}.Release|x64.Build.0 = Release|x64
		{FF3A7DA1-4CF5-4969-B83D-A47710BC9966}.Release|x86.ActiveCfg = Release|Win32
		{FF3A7DA1-4CF5-4969-B83D-A47710BC9966}.Release|x86.Build.0 = Release|Win32
		{7355CC61-2BDD-4203-848B-A0911231F3D3}.Debug|x64.ActiveCfg = Debug|x64
		{7355CC61-2BDD-4203-848B-A0911231F3D3}.Debug|x64.Build.0 = Debug|x64
		{7355CC61-2BDD-4203-848B-A0911231F3D3}.Debug|x86.ActiveCfg = Debug|Win32
		{7355CC61-2BDD-4203-848B-A0911231F3D3}.Debug|x86.Build.0 = Debug|Win32
		{7355CC61-2BDD-4203-848B-A0911231F3D3}.Release|x64.ActiveCfg = Release|x64
		{7355CC61-2BDD-4203-848B-A0911231F3D3}.Release|x64.Build.0 = Release|x64
		{7355CC61-2BDD-4203-848B-A0911231F3D3}.Release|x86.ActiveCfg = Release|Win32
		{7355CC61-2BDD-4203-848B-A0911231F3D3}.Release|x86.Build.0 = Release|Win32
		{8FEEC47A-49A5-4836-A552-0CEE0650CC16}.Debug|x64.ActiveCfg = Debug|x64
		{8FEEC47A-49A5-4836-A552-0CEE0650CC16}.Debug|x64.Build.0 = Debug|x64
		{8FEEC47A-49A5-4836-A552-0CEE0650CC16}.Debug|x86.ActiveCfg = Debug|Win32
		{8FEEC47A-49A5-4836-A552-0CEE0650CC16}.Debug|x86.Build.0 = Debug|Win32
		{8FEEC47A-49A5-4836-A552-0CEE0650CC16}.Release|x64.ActiveCfg = Release|x64
		{8FEEC47A-49A5-4836-A552-0CEE0650CC16}.Release|x64.Build.0 = Release|x64
		{8FEEC47A-49A5-4836-A552-0CEE0650CC16}.Release|x86.ActiveCfg = Release|Win32
		{8FEEC47A-49A5-4836-A552-0CEE0650CC16}.Release|x86.Build.0 = Release|Win32
		{7D283EBB-D0B8-48EC-9F4F-AB60A9AD797B}.Debug|x64.ActiveCfg = Debug|x64
		{7D283EBB-D0B8-48EC-9F4F-AB60A9AD797B}.Debug|x64.Build.0 = Debug|x64
		{7D283EBB-D0B8-48EC-9F4F-AB60A9AD797B}.Debug|x86.ActiveCfg = Debug|Win32
		{7D283EBB-D0B8-48EC-9F4F-AB60A9AD797B}.Debug|x86.Build.0 = Debug|Win32
		{7D283EBB-D0B8-48EC-9F4F-AB60A9AD797B}.Release|x64.ActiveCfg = Release|x64
		{7D283EBB-D0B8-48EC-9F4F-AB60A9AD797B}.Release|x64.Build.0 = Release|x64
		{7D283EBB-D0B8-48EC-9F4F-AB60A9AD797B}.Release|x86.ActiveCfg = Release|Win32
		{7D283EBB-D0B8-48EC-9F4F-AB60A9AD797B}.Release|x86.Build.0 = Release|Win32
		{5791EF52-0C93-4BD7-BF8C-EC369BE5DB60}.Debug|x64.ActiveCfg = Debug|x64
		{5791EF52-0C93-4BD7-BF8C-EC369BE5DB60}.Debug|x64.Build.0 = Debug|x64
		{5791EF52-0C93-4BD7-BF8C-EC369BE5DB60}.Debug|x86.ActiveCfg = Debug|Win32
		{5791EF52-0C93-4BD7-BF8C-EC369BE5DB60}.Debug|x86.Build.0 = Debug|Win32
		{5791EF52-0C93-4BD7-BF8C-EC369BE5DB60}.Release|x64.ActiveCfg = Release|x64
		{5791EF52-0C93-4BD7-BF8C-EC369BE5DB60}.Release|x64.Build.0 = Release|x64
		{5791EF52-0C93-4BD7-BF8C-EC369BE5DB60}.Release|x86.ActiveCfg = Release|Win32
		{5791EF52-0C93-4BD7-BF8C-EC369BE5DB60}.Release|x86.Build.0 = Release|Win32
		{C2D92B21-797F-45A4-A056-852ACC8652F8}.Debug|x64.ActiveCfg = Debug|x64
		{C2D92B21-797F-45A4-A056-852ACC8652F8}.Debug|x64.Build.0 = Debug|x64
		{C2D92B21-797F-45A4-A056-852ACC8652F8}.Debug|x86.ActiveCfg = Debug|Win32
		{C2D92B21-797F-45A4-A056-852ACC8652F8}.Debug|x86.Build.0 = Debug|Win32
		{C2D92B21-797F-45A4-A056-852ACC8652F8}.Release|x64.ActiveCfg = Release|x64
		{C2D92B21-797F-45A4-A056-852ACC8652F8}.Release|x64.Build.0 = Release|x64
		{C2D92B21-797F-45A4-A056-852ACC8652F8}.Release|x86.ActiveCfg = Release|Win32
		{C2D92B21-797F-45A4-A056-852ACC8652F8}.Release|x86.Build.0 = Release|Win32
		{188823FE-C23F-4E27-B230-FC98910E9887}.Debug|x64.ActiveCfg = Debug|x64
		{188823FE-C23F-4E27-B230-FC98910E9887}.Debug|x64.Build.0 = Debug|x64
		{188823FE-C23F-4E27-B230-FC98910E9887}.Debug|x86.ActiveCfg = Debug|Win32
		{188823FE-C23F-4E27-B230-FC98910E9887}.Debug|x86.Build.0 = Debug|Win32
		{188823FE-C23F-4E27-B230-FC98910E9887}.Release|x64.ActiveCfg = Release|x64
		{188823FE-C23F-4E27-B230-FC98910E9887}.Release|x64.Build.0 = Release|x64
		{188823FE-C23F-4E27-B230-FC98910E9887}.Release|x86.ActiveCfg = Release|Win32
		{188823FE-C23F-4E27-B230-FC98910E9887}.Release|x86.Build.0 = Release|Win32
		{A0B969B6-E5EF-454A-BD4F-E8F429ACE938}.Debug|x64.ActiveCfg = Debug|x64
		{A0B969B6-E5EF-454A-BD4F-E8F429ACE938}.Debug|x64.Build.0 = Debug|x64
		{A0B969B6-E5EF-454A-BD4F-E8F429ACE938}.Debug|x86.ActiveCfg = Debug|Win32
		{A0B969B6-E5EF-454A-BD4F-E8F429ACE938}.Debug|x86.Build.0 = Debug|Win32
		{A0B969B6-E5EF-454A-BD4F-E8F429ACE938}.Release|x64.ActiveCfg = Release|x64
		{A0B969B6-E5EF-454A-BD4F-E8F429ACE938}.Release|x64.Build.0 = Release|x64
		{A0B969B6-E5EF-454A-BD4F-E8F429ACE938}.Release|x86.ActiveCfg = Release|Win32
		{A0B969B6-E5EF-454A-BD4F-E8F429ACE938}.Release|x86.Build.0 = Release|Win32
		{3267B10C-E8DD-45E5-989E-E6C7DEC2C9E6}.Debug|x64.ActiveCfg = Debug|x64
		{3267B10C-E8DD-45E5-989E-E6C7DEC2C9E6}.Debug|x64.Build.0 = Debug|x64
		{3267B10C-E8DD-45E5-989E-E6C7DEC2C9E6}.Debug|x86.ActiveCfg = Debug|Win32
		{3267B10C-E8DD-45E5-989E-E6C7DEC2C9E6}.Debug|x86.Build.0 = Debug|Win32
		{3267B10C-E8DD-45E5-989E-E6C7DEC2C9E6}.Release|x64.ActiveCfg = Release|x64
		{3267B10C-E8DD-45E5-989E-E6C7DEC2C9E6}.Release|x64.Build.0 = Release|x64
		{3267B10C-E8DD-45E5-989E-E6C7DEC2C9E6}.Release|x86.ActiveCfg = Release|Win32
		{3267B10C-E8DD-45E5-989E-E6C7DEC2C9E6}.Release|x86.Build.0 = Release|Win32
		{FA2723F4-4223-4530-8509-35E04D0A7A47}.Debug|x64.ActiveCfg = Debug|x64
		{FA2723F4-4223-4530-8509-35E04D0A7A47}.Debug|x64.Build.0 = Debug|x64
		{FA2723F4-4223-4530-8509-35E04D0A7A47}.Debug|x86.ActiveCfg = Debug|Win32
		{FA2723F4-4223-4530-8509-35E04D0A7A47}.Debug|x86.Build.0 = Debug|Win32
		{FA2723F4-4223-4530-8509-35E04D0A7A47}.Release|x64.ActiveCfg = Release|x64
		{FA2723F4-4223-4530-8509-35E04D0A7A47}.Release|x64.Build.0 = Release|x64
		{FA2723F4-4223-4530-8509-35E04D0A7A47}.Release|x86.ActiveCfg = Release|Win32
		{FA2723F4-4223-4530-8509-35E04D0A7A47}.Release|x86.Build.0 = Release|Win32
		{03E5BEEC-2923-48C7-BA36-A5CF31B6B134}.Debug|x64.ActiveCfg = Debug|x64
		{03E5BEEC-2923-48C7-BA36-A5CF31B6B134}.Debug|x64.Build.0 = Debug|x64
		{03E5BEEC-2923-48C7-BA36-A5CF31B6B134}.Debug|x86.ActiveCfg = Debug|Win32
		{03E5BEEC-2923-48C7-BA36-A5CF31B6B134}.Debug|x86.Build.0 = Debug|Win32
		{03E5BEEC-2923-48C7-BA36-A5CF31B6B134}.Release|x64.ActiveCfg = Release|x64
		{03E5BEEC-2923-48C7-BA36-A5CF31B6B134}.Release|x64.Build.0 = Release|x64
		{03E5BEEC-2923-48C7-BA36-A5CF31B6B134}.Release|x86.ActiveCfg = Release|Win32
		{03E5BEEC-2923-48C7-BA36-A5CF31B6B134}.Release|x86.Build.0 = Release|Win32
		{85FD32AB-148D-4364-95E3-9D1F5AF96BF6}.Debug|x64.ActiveCfg = Debug|x64
		{85FD32AB-148D-4364-95E3-9D1F5AF96BF6}.Debug|x64.Build.0 = Debug|x64
		{85FD32AB-148D-4364-95E3-9D1F5AF96BF6}.Debug|x86.ActiveCfg = Debug|Win32
		{85FD32AB-148D-4364-95E3-9D1F5AF96BF6}.Debug|x86.Build.0 = Debug|Win32
		{85FD32AB-148D-4364-95E3-9D1F5AF96BF6}.Release|x64.ActiveCfg = Release|x64
		{85FD32AB-148D-4364-95E3-9D1F5AF96BF6}.Release|x64.Build.0 = Release|x64
		{85FD32AB-148D-4364-95E3-9D1F5AF96BF6}.Release|x86.ActiveCfg = Release|Win32
		{85FD32AB-148D-4364-95E3-9D1F5AF96BF6}.Release|x86.Build.0 = Release|Win32
		{0BB181AF-57D5-4527-9951-1EFE21C6F9D3}.Debug|x64.ActiveCfg = Debug|x64
		{0BB181AF-57D5-4527-9951-1EFE21C6F9D3}.Debug|x64.Build.0 = Debug|x64
		{0BB181AF-57D5-4527-9951-1EFE21C6F9D3}.Debug|x86.ActiveCfg = Debug|Win32
		{0BB181AF-57D5-4527-9951-1EFE21C6F9D3}.Debug|x86.Build.0 = Debug|Win32
		{0BB181AF-57D5-4527-9951-1EFE21C6F9D3}.Release|x64.ActiveCfg = Release|x64
		{0BB181AF-57D5-4527-9951-1EFE21C6F9D3}.Release|x64.Build.0 = Release|x64
		{0BB181AF-57D5-4527-9951-1EFE21C6F9D3}.Release|x86.ActiveCfg = Release|Win32
		{0BB181AF-57D5-4527-9951-1EFE21C6F9D3}.Release|x86.Build.0 = Release|Win32
		{BBEF58C4-8DED-4EBF-9A5B-C31C8DF92255}.Debug|x64.ActiveCfg = Debug|x64
		{BBEF58C4-8DED-4EBF-9A5B-C31C8DF92255}.Debug|x64.Build.0 = Debug|x64
		{BBEF58C4-8DED-4EBF-9A5B-C31C8DF92255}.Debug|x86.ActiveCfg = Debug|Win32
		{BBEF58C4-8DED-4EBF-9A5B-C31C8DF92255}.Debug|x86.Build.0 = Debug|Win32
		{BBEF58C4-8DED-4EBF-9A5B-C31C8DF92255}.Release|x64.ActiveCfg = Release|x64
		{BBEF58C4-8DED-4EBF-9A5B-C31C8DF92255}.Release|x64.Build.0 = Release|x64
		{BBEF58C4-8DED-4EBF-9A5B-C31C8DF92255}.Release|x86.ActiveCfg = Release|Win32
		{BBEF58C4-8DED-4EBF-9A5B-C31C8DF92255}.Release|x86.Build.0 = Release|Win32
	EndGlobalSection
	GlobalSection(SolutionProperties) = preSolution
		HideSolutionNode = FALSE
	EndGlobalSection
	GlobalSection(ExtensibilityGlobals) = postSolution
		SolutionGuid = {99483C52-E4D0-4551-935F-087825297A23}
	EndGlobalSection
EndGlobal
