
Microsoft Visual Studio Solution File, Format Version 12.00
# Visual Studio Version 16
VisualStudioVersion = 16.0.31229.75
MinimumVisualStudioVersion = 10.0.40219.1
Project("{8BC9CEB8-8B4A-11D0-8D11-00A0C91BC942}") = "02", "02\02.vcxproj", "{366163A3-9AC6-4AF3-9186-9160DFA4F178}"
EndProject
Project("{8BC9CEB8-8B4A-11D0-8D11-00A0C91BC942}") = "03", "03\03.vcxproj", "{5171B8B3-DA73-4591-810C-37B69DF71BC2}"
EndProject
Project("{8BC9CEB8-8B4A-11D0-8D11-00A0C91BC942}") = "04", "04\04.vcxproj", "{36181EB7-B47C-488B-A581-A086DB5A904C}"
EndProject
Project("{8BC9CEB8-8B4A-11D0-8D11-00A0C91BC942}") = "05", "05\05.vcxproj", "{5C23F998-D486-4E24-B614-2116210DA137}"
EndProject
Project("{8BC9CEB8-8B4A-11D0-8D11-00A0C91BC942}") = "06", "06\06.vcxproj", "{62964261-B09F-40B0-80EA-C2D582832314}"
EndProject
Project("{8BC9CEB8-8B4A-11D0-8D11-00A0C91BC942}") = "07", "07\07.vcxproj", "{9D908458-BFA9-4873-AC54-5F555FE5D1DE}"
EndProject
Project("{8BC9CEB8-8B4A-11D0-8D11-00A0C91BC942}") = "08", "08\08.vcxproj", "{5CD59969-46F2-4BF3-8F68-A4E1A8F8AEB7}"
EndProject
Project("{8BC9CEB8-8B4A-11D0-8D11-00A0C91BC942}") = "09", "09\09.vcxproj", "{8BF481F1-C23A-46CF-890F-1893705FE5AE}"
EndProject
Project("{8BC9CEB8-8B4A-11D0-8D11-00A0C91BC942}") = "10", "10\10.vcxproj", "{822514F4-6BAE-4108-93E4-18C703FB9DA6}"
EndProject
Project("{8BC9CEB8-8B4A-11D0-8D11-00A0C91BC942}") = "11", "11\11.vcxproj", "{6CC8E836-9BA5-4C9D-B235-BCB558D0559E}"
EndProject
Project("{8BC9CEB8-8B4A-11D0-8D11-00A0C91BC942}") = "01", "01\06장.vcxproj", "{AFED8B49-3CDC-4D0F-B270-8E7982E30CCF}"
EndProject
Global
	GlobalSection(SolutionConfigurationPlatforms) = preSolution
		Debug|x64 = Debug|x64
		Debug|x86 = Debug|x86
		Release|x64 = Release|x64
		Release|x86 = Release|x86
	EndGlobalSection
	GlobalSection(ProjectConfigurationPlatforms) = postSolution
		{366163A3-9AC6-4AF3-9186-9160DFA4F178}.Debug|x64.ActiveCfg = Debug|x64
		{366163A3-9AC6-4AF3-9186-9160DFA4F178}.Debug|x64.Build.0 = Debug|x64
		{366163A3-9AC6-4AF3-9186-9160DFA4F178}.Debug|x86.ActiveCfg = Debug|Win32
		{366163A3-9AC6-4AF3-9186-9160DFA4F178}.Debug|x86.Build.0 = Debug|Win32
		{366163A3-9AC6-4AF3-9186-9160DFA4F178}.Release|x64.ActiveCfg = Release|x64
		{366163A3-9AC6-4AF3-9186-9160DFA4F178}.Release|x64.Build.0 = Release|x64
		{366163A3-9AC6-4AF3-9186-9160DFA4F178}.Release|x86.ActiveCfg = Release|Win32
		{366163A3-9AC6-4AF3-9186-9160DFA4F178}.Release|x86.Build.0 = Release|Win32
		{5171B8B3-DA73-4591-810C-37B69DF71BC2}.Debug|x64.ActiveCfg = Debug|x64
		{5171B8B3-DA73-4591-810C-37B69DF71BC2}.Debug|x64.Build.0 = Debug|x64
		{5171B8B3-DA73-4591-810C-37B69DF71BC2}.Debug|x86.ActiveCfg = Debug|Win32
		{5171B8B3-DA73-4591-810C-37B69DF71BC2}.Debug|x86.Build.0 = Debug|Win32
		{5171B8B3-DA73-4591-810C-37B69DF71BC2}.Release|x64.ActiveCfg = Release|x64
		{5171B8B3-DA73-4591-810C-37B69DF71BC2}.Release|x64.Build.0 = Release|x64
		{5171B8B3-DA73-4591-810C-37B69DF71BC2}.Release|x86.ActiveCfg = Release|Win32
		{5171B8B3-DA73-4591-810C-37B69DF71BC2}.Release|x86.Build.0 = Release|Win32
		{36181EB7-B47C-488B-A581-A086DB5A904C}.Debug|x64.ActiveCfg = Debug|x64
		{36181EB7-B47C-488B-A581-A086DB5A904C}.Debug|x64.Build.0 = Debug|x64
		{36181EB7-B47C-488B-A581-A086DB5A904C}.Debug|x86.ActiveCfg = Debug|Win32
		{36181EB7-B47C-488B-A581-A086DB5A904C}.Debug|x86.Build.0 = Debug|Win32
		{36181EB7-B47C-488B-A581-A086DB5A904C}.Release|x64.ActiveCfg = Release|x64
		{36181EB7-B47C-488B-A581-A086DB5A904C}.Release|x64.Build.0 = Release|x64
		{36181EB7-B47C-488B-A581-A086DB5A904C}.Release|x86.ActiveCfg = Release|Win32
		{36181EB7-B47C-488B-A581-A086DB5A904C}.Release|x86.Build.0 = Release|Win32
		{5C23F998-D486-4E24-B614-2116210DA137}.Debug|x64.ActiveCfg = Debug|x64
		{5C23F998-D486-4E24-B614-2116210DA137}.Debug|x64.Build.0 = Debug|x64
		{5C23F998-D486-4E24-B614-2116210DA137}.Debug|x86.ActiveCfg = Debug|Win32
		{5C23F998-D486-4E24-B614-2116210DA137}.Debug|x86.Build.0 = Debug|Win32
		{5C23F998-D486-4E24-B614-2116210DA137}.Release|x64.ActiveCfg = Release|x64
		{5C23F998-D486-4E24-B614-2116210DA137}.Release|x64.Build.0 = Release|x64
		{5C23F998-D486-4E24-B614-2116210DA137}.Release|x86.ActiveCfg = Release|Win32
		{5C23F998-D486-4E24-B614-2116210DA137}.Release|x86.Build.0 = Release|Win32
		{62964261-B09F-40B0-80EA-C2D582832314}.Debug|x64.ActiveCfg = Debug|x64
		{62964261-B09F-40B0-80EA-C2D582832314}.Debug|x64.Build.0 = Debug|x64
		{62964261-B09F-40B0-80EA-C2D582832314}.Debug|x86.ActiveCfg = Debug|Win32
		{62964261-B09F-40B0-80EA-C2D582832314}.Debug|x86.Build.0 = Debug|Win32
		{62964261-B09F-40B0-80EA-C2D582832314}.Release|x64.ActiveCfg = Release|x64
		{62964261-B09F-40B0-80EA-C2D582832314}.Release|x64.Build.0 = Release|x64
		{62964261-B09F-40B0-80EA-C2D582832314}.Release|x86.ActiveCfg = Release|Win32
		{62964261-B09F-40B0-80EA-C2D582832314}.Release|x86.Build.0 = Release|Win32
		{9D908458-BFA9-4873-AC54-5F555FE5D1DE}.Debug|x64.ActiveCfg = Debug|x64
		{9D908458-BFA9-4873-AC54-5F555FE5D1DE}.Debug|x64.Build.0 = Debug|x64
		{9D908458-BFA9-4873-AC54-5F555FE5D1DE}.Debug|x86.ActiveCfg = Debug|Win32
		{9D908458-BFA9-4873-AC54-5F555FE5D1DE}.Debug|x86.Build.0 = Debug|Win32
		{9D908458-BFA9-4873-AC54-5F555FE5D1DE}.Release|x64.ActiveCfg = Release|x64
		{9D908458-BFA9-4873-AC54-5F555FE5D1DE}.Release|x64.Build.0 = Release|x64
		{9D908458-BFA9-4873-AC54-5F555FE5D1DE}.Release|x86.ActiveCfg = Release|Win32
		{9D908458-BFA9-4873-AC54-5F555FE5D1DE}.Release|x86.Build.0 = Release|Win32
		{5CD59969-46F2-4BF3-8F68-A4E1A8F8AEB7}.Debug|x64.ActiveCfg = Debug|x64
		{5CD59969-46F2-4BF3-8F68-A4E1A8F8AEB7}.Debug|x64.Build.0 = Debug|x64
		{5CD59969-46F2-4BF3-8F68-A4E1A8F8AEB7}.Debug|x86.ActiveCfg = Debug|Win32
		{5CD59969-46F2-4BF3-8F68-A4E1A8F8AEB7}.Debug|x86.Build.0 = Debug|Win32
		{5CD59969-46F2-4BF3-8F68-A4E1A8F8AEB7}.Release|x64.ActiveCfg = Release|x64
		{5CD59969-46F2-4BF3-8F68-A4E1A8F8AEB7}.Release|x64.Build.0 = Release|x64
		{5CD59969-46F2-4BF3-8F68-A4E1A8F8AEB7}.Release|x86.ActiveCfg = Release|Win32
		{5CD59969-46F2-4BF3-8F68-A4E1A8F8AEB7}.Release|x86.Build.0 = Release|Win32
		{8BF481F1-C23A-46CF-890F-1893705FE5AE}.Debug|x64.ActiveCfg = Debug|x64
		{8BF481F1-C23A-46CF-890F-1893705FE5AE}.Debug|x64.Build.0 = Debug|x64
		{8BF481F1-C23A-46CF-890F-1893705FE5AE}.Debug|x86.ActiveCfg = Debug|Win32
		{8BF481F1-C23A-46CF-890F-1893705FE5AE}.Debug|x86.Build.0 = Debug|Win32
		{8BF481F1-C23A-46CF-890F-1893705FE5AE}.Release|x64.ActiveCfg = Release|x64
		{8BF481F1-C23A-46CF-890F-1893705FE5AE}.Release|x64.Build.0 = Release|x64
		{8BF481F1-C23A-46CF-890F-1893705FE5AE}.Release|x86.ActiveCfg = Release|Win32
		{8BF481F1-C23A-46CF-890F-1893705FE5AE}.Release|x86.Build.0 = Release|Win32
		{822514F4-6BAE-4108-93E4-18C703FB9DA6}.Debug|x64.ActiveCfg = Debug|x64
		{822514F4-6BAE-4108-93E4-18C703FB9DA6}.Debug|x64.Build.0 = Debug|x64
		{822514F4-6BAE-4108-93E4-18C703FB9DA6}.Debug|x86.ActiveCfg = Debug|Win32
		{822514F4-6BAE-4108-93E4-18C703FB9DA6}.Debug|x86.Build.0 = Debug|Win32
		{822514F4-6BAE-4108-93E4-18C703FB9DA6}.Release|x64.ActiveCfg = Release|x64
		{822514F4-6BAE-4108-93E4-18C703FB9DA6}.Release|x64.Build.0 = Release|x64
		{822514F4-6BAE-4108-93E4-18C703FB9DA6}.Release|x86.ActiveCfg = Release|Win32
		{822514F4-6BAE-4108-93E4-18C703FB9DA6}.Release|x86.Build.0 = Release|Win32
		{6CC8E836-9BA5-4C9D-B235-BCB558D0559E}.Debug|x64.ActiveCfg = Debug|x64
		{6CC8E836-9BA5-4C9D-B235-BCB558D0559E}.Debug|x64.Build.0 = Debug|x64
		{6CC8E836-9BA5-4C9D-B235-BCB558D0559E}.Debug|x86.ActiveCfg = Debug|Win32
		{6CC8E836-9BA5-4C9D-B235-BCB558D0559E}.Debug|x86.Build.0 = Debug|Win32
		{6CC8E836-9BA5-4C9D-B235-BCB558D0559E}.Release|x64.ActiveCfg = Release|x64
		{6CC8E836-9BA5-4C9D-B235-BCB558D0559E}.Release|x64.Build.0 = Release|x64
		{6CC8E836-9BA5-4C9D-B235-BCB558D0559E}.Release|x86.ActiveCfg = Release|Win32
		{6CC8E836-9BA5-4C9D-B235-BCB558D0559E}.Release|x86.Build.0 = Release|Win32
		{AFED8B49-3CDC-4D0F-B270-8E7982E30CCF}.Debug|x64.ActiveCfg = Debug|x64
		{AFED8B49-3CDC-4D0F-B270-8E7982E30CCF}.Debug|x64.Build.0 = Debug|x64
		{AFED8B49-3CDC-4D0F-B270-8E7982E30CCF}.Debug|x86.ActiveCfg = Debug|Win32
		{AFED8B49-3CDC-4D0F-B270-8E7982E30CCF}.Debug|x86.Build.0 = Debug|Win32
		{AFED8B49-3CDC-4D0F-B270-8E7982E30CCF}.Release|x64.ActiveCfg = Release|x64
		{AFED8B49-3CDC-4D0F-B270-8E7982E30CCF}.Release|x64.Build.0 = Release|x64
		{AFED8B49-3CDC-4D0F-B270-8E7982E30CCF}.Release|x86.ActiveCfg = Release|Win32
		{AFED8B49-3CDC-4D0F-B270-8E7982E30CCF}.Release|x86.Build.0 = Release|Win32
	EndGlobalSection
	GlobalSection(SolutionProperties) = preSolution
		HideSolutionNode = FALSE
	EndGlobalSection
	GlobalSection(ExtensibilityGlobals) = postSolution
		SolutionGuid = {58D53BDC-67B1-4C64-A148-674499D57304}
	EndGlobalSection
EndGlobal
