
Microsoft Visual Studio Solution File, Format Version 12.00
# Visual Studio Version 16
VisualStudioVersion = 16.0.31229.75
MinimumVisualStudioVersion = 10.0.40219.1
Project("{8BC9CEB8-8B4A-11D0-8D11-00A0C91BC942}") = "01", "05장\05장.vcxproj", "{FA4C85CC-F120-497F-88B9-60E272EFA9EE}"
EndProject
Project("{8BC9CEB8-8B4A-11D0-8D11-00A0C91BC942}") = "02", "02\02.vcxproj", "{1BBF23D0-8FD0-45C6-9AA4-25EF2A906123}"
EndProject
Project("{8BC9CEB8-8B4A-11D0-8D11-00A0C91BC942}") = "03", "03\03.vcxproj", "{1756DAC0-E8AA-4EED-9F2C-C75DBEDD9C2F}"
EndProject
Project("{8BC9CEB8-8B4A-11D0-8D11-00A0C91BC942}") = "04", "04\04.vcxproj", "{0345A775-D8EA-41A0-9F7D-2EAD571D055D}"
EndProject
Project("{8BC9CEB8-8B4A-11D0-8D11-00A0C91BC942}") = "05", "05\05.vcxproj", "{C683028D-CA52-453E-BE83-35E2DD0B7D66}"
EndProject
Project("{8BC9CEB8-8B4A-11D0-8D11-00A0C91BC942}") = "06", "06\06.vcxproj", "{9A6CAB0A-A954-42E1-BF57-957774CDFC7D}"
EndProject
Project("{8BC9CEB8-8B4A-11D0-8D11-00A0C91BC942}") = "07", "07\07.vcxproj", "{56495143-9E06-4347-AD32-C59F8702202E}"
EndProject
Project("{8BC9CEB8-8B4A-11D0-8D11-00A0C91BC942}") = "08", "08\08.vcxproj", "{929FE33E-C509-40D4-AA8B-8D0BEB5B3A85}"
EndProject
Project("{8BC9CEB8-8B4A-11D0-8D11-00A0C91BC942}") = "09", "09\09.vcxproj", "{5B579ACF-A911-4070-A3B2-8F14E177D8FA}"
EndProject
Project("{8BC9CEB8-8B4A-11D0-8D11-00A0C91BC942}") = "10", "10\10.vcxproj", "{24AABAE0-71A2-4065-9891-C6E590363813}"
EndProject
Project("{8BC9CEB8-8B4A-11D0-8D11-00A0C91BC942}") = "11", "11\11.vcxproj", "{590D4288-6F0A-45D8-921F-257AD9DE6B7A}"
EndProject
Project("{8BC9CEB8-8B4A-11D0-8D11-00A0C91BC942}") = "12", "12\12.vcxproj", "{A007CF4D-BC5D-4BA3-B703-D2DA3A486A5F}"
EndProject
Global
	GlobalSection(SolutionConfigurationPlatforms) = preSolution
		Debug|x64 = Debug|x64
		Debug|x86 = Debug|x86
		Release|x64 = Release|x64
		Release|x86 = Release|x86
	EndGlobalSection
	GlobalSection(ProjectConfigurationPlatforms) = postSolution
		{FA4C85CC-F120-497F-88B9-60E272EFA9EE}.Debug|x64.ActiveCfg = Debug|x64
		{FA4C85CC-F120-497F-88B9-60E272EFA9EE}.Debug|x64.Build.0 = Debug|x64
		{FA4C85CC-F120-497F-88B9-60E272EFA9EE}.Debug|x86.ActiveCfg = Debug|Win32
		{FA4C85CC-F120-497F-88B9-60E272EFA9EE}.Debug|x86.Build.0 = Debug|Win32
		{FA4C85CC-F120-497F-88B9-60E272EFA9EE}.Release|x64.ActiveCfg = Release|x64
		{FA4C85CC-F120-497F-88B9-60E272EFA9EE}.Release|x64.Build.0 = Release|x64
		{FA4C85CC-F120-497F-88B9-60E272EFA9EE}.Release|x86.ActiveCfg = Release|Win32
		{FA4C85CC-F120-497F-88B9-60E272EFA9EE}.Release|x86.Build.0 = Release|Win32
		{1BBF23D0-8FD0-45C6-9AA4-25EF2A906123}.Debug|x64.ActiveCfg = Debug|x64
		{1BBF23D0-8FD0-45C6-9AA4-25EF2A906123}.Debug|x64.Build.0 = Debug|x64
		{1BBF23D0-8FD0-45C6-9AA4-25EF2A906123}.Debug|x86.ActiveCfg = Debug|Win32
		{1BBF23D0-8FD0-45C6-9AA4-25EF2A906123}.Debug|x86.Build.0 = Debug|Win32
		{1BBF23D0-8FD0-45C6-9AA4-25EF2A906123}.Release|x64.ActiveCfg = Release|x64
		{1BBF23D0-8FD0-45C6-9AA4-25EF2A906123}.Release|x64.Build.0 = Release|x64
		{1BBF23D0-8FD0-45C6-9AA4-25EF2A906123}.Release|x86.ActiveCfg = Release|Win32
		{1BBF23D0-8FD0-45C6-9AA4-25EF2A906123}.Release|x86.Build.0 = Release|Win32
		{1756DAC0-E8AA-4EED-9F2C-C75DBEDD9C2F}.Debug|x64.ActiveCfg = Debug|x64
		{1756DAC0-E8AA-4EED-9F2C-C75DBEDD9C2F}.Debug|x64.Build.0 = Debug|x64
		{1756DAC0-E8AA-4EED-9F2C-C75DBEDD9C2F}.Debug|x86.ActiveCfg = Debug|Win32
		{1756DAC0-E8AA-4EED-9F2C-C75DBEDD9C2F}.Debug|x86.Build.0 = Debug|Win32
		{1756DAC0-E8AA-4EED-9F2C-C75DBEDD9C2F}.Release|x64.ActiveCfg = Release|x64
		{1756DAC0-E8AA-4EED-9F2C-C75DBEDD9C2F}.Release|x64.Build.0 = Release|x64
		{1756DAC0-E8AA-4EED-9F2C-C75DBEDD9C2F}.Release|x86.ActiveCfg = Release|Win32
		{1756DAC0-E8AA-4EED-9F2C-C75DBEDD9C2F}.Release|x86.Build.0 = Release|Win32
		{0345A775-D8EA-41A0-9F7D-2EAD571D055D}.Debug|x64.ActiveCfg = Debug|x64
		{0345A775-D8EA-41A0-9F7D-2EAD571D055D}.Debug|x64.Build.0 = Debug|x64
		{0345A775-D8EA-41A0-9F7D-2EAD571D055D}.Debug|x86.ActiveCfg = Debug|Win32
		{0345A775-D8EA-41A0-9F7D-2EAD571D055D}.Debug|x86.Build.0 = Debug|Win32
		{0345A775-D8EA-41A0-9F7D-2EAD571D055D}.Release|x64.ActiveCfg = Release|x64
		{0345A775-D8EA-41A0-9F7D-2EAD571D055D}.Release|x64.Build.0 = Release|x64
		{0345A775-D8EA-41A0-9F7D-2EAD571D055D}.Release|x86.ActiveCfg = Release|Win32
		{0345A775-D8EA-41A0-9F7D-2EAD571D055D}.Release|x86.Build.0 = Release|Win32
		{C683028D-CA52-453E-BE83-35E2DD0B7D66}.Debug|x64.ActiveCfg = Debug|x64
		{C683028D-CA52-453E-BE83-35E2DD0B7D66}.Debug|x64.Build.0 = Debug|x64
		{C683028D-CA52-453E-BE83-35E2DD0B7D66}.Debug|x86.ActiveCfg = Debug|Win32
		{C683028D-CA52-453E-BE83-35E2DD0B7D66}.Debug|x86.Build.0 = Debug|Win32
		{C683028D-CA52-453E-BE83-35E2DD0B7D66}.Release|x64.ActiveCfg = Release|x64
		{C683028D-CA52-453E-BE83-35E2DD0B7D66}.Release|x64.Build.0 = Release|x64
		{C683028D-CA52-453E-BE83-35E2DD0B7D66}.Release|x86.ActiveCfg = Release|Win32
		{C683028D-CA52-453E-BE83-35E2DD0B7D66}.Release|x86.Build.0 = Release|Win32
		{9A6CAB0A-A954-42E1-BF57-957774CDFC7D}.Debug|x64.ActiveCfg = Debug|x64
		{9A6CAB0A-A954-42E1-BF57-957774CDFC7D}.Debug|x64.Build.0 = Debug|x64
		{9A6CAB0A-A954-42E1-BF57-957774CDFC7D}.Debug|x86.ActiveCfg = Debug|Win32
		{9A6CAB0A-A954-42E1-BF57-957774CDFC7D}.Debug|x86.Build.0 = Debug|Win32
		{9A6CAB0A-A954-42E1-BF57-957774CDFC7D}.Release|x64.ActiveCfg = Release|x64
		{9A6CAB0A-A954-42E1-BF57-957774CDFC7D}.Release|x64.Build.0 = Release|x64
		{9A6CAB0A-A954-42E1-BF57-957774CDFC7D}.Release|x86.ActiveCfg = Release|Win32
		{9A6CAB0A-A954-42E1-BF57-957774CDFC7D}.Release|x86.Build.0 = Release|Win32
		{56495143-9E06-4347-AD32-C59F8702202E}.Debug|x64.ActiveCfg = Debug|x64
		{56495143-9E06-4347-AD32-C59F8702202E}.Debug|x64.Build.0 = Debug|x64
		{56495143-9E06-4347-AD32-C59F8702202E}.Debug|x86.ActiveCfg = Debug|Win32
		{56495143-9E06-4347-AD32-C59F8702202E}.Debug|x86.Build.0 = Debug|Win32
		{56495143-9E06-4347-AD32-C59F8702202E}.Release|x64.ActiveCfg = Release|x64
		{56495143-9E06-4347-AD32-C59F8702202E}.Release|x64.Build.0 = Release|x64
		{56495143-9E06-4347-AD32-C59F8702202E}.Release|x86.ActiveCfg = Release|Win32
		{56495143-9E06-4347-AD32-C59F8702202E}.Release|x86.Build.0 = Release|Win32
		{929FE33E-C509-40D4-AA8B-8D0BEB5B3A85}.Debug|x64.ActiveCfg = Debug|x64
		{929FE33E-C509-40D4-AA8B-8D0BEB5B3A85}.Debug|x64.Build.0 = Debug|x64
		{929FE33E-C509-40D4-AA8B-8D0BEB5B3A85}.Debug|x86.ActiveCfg = Debug|Win32
		{929FE33E-C509-40D4-AA8B-8D0BEB5B3A85}.Debug|x86.Build.0 = Debug|Win32
		{929FE33E-C509-40D4-AA8B-8D0BEB5B3A85}.Release|x64.ActiveCfg = Release|x64
		{929FE33E-C509-40D4-AA8B-8D0BEB5B3A85}.Release|x64.Build.0 = Release|x64
		{929FE33E-C509-40D4-AA8B-8D0BEB5B3A85}.Release|x86.ActiveCfg = Release|Win32
		{929FE33E-C509-40D4-AA8B-8D0BEB5B3A85}.Release|x86.Build.0 = Release|Win32
		{5B579ACF-A911-4070-A3B2-8F14E177D8FA}.Debug|x64.ActiveCfg = Debug|x64
		{5B579ACF-A911-4070-A3B2-8F14E177D8FA}.Debug|x64.Build.0 = Debug|x64
		{5B579ACF-A911-4070-A3B2-8F14E177D8FA}.Debug|x86.ActiveCfg = Debug|Win32
		{5B579ACF-A911-4070-A3B2-8F14E177D8FA}.Debug|x86.Build.0 = Debug|Win32
		{5B579ACF-A911-4070-A3B2-8F14E177D8FA}.Release|x64.ActiveCfg = Release|x64
		{5B579ACF-A911-4070-A3B2-8F14E177D8FA}.Release|x64.Build.0 = Release|x64
		{5B579ACF-A911-4070-A3B2-8F14E177D8FA}.Release|x86.ActiveCfg = Release|Win32
		{5B579ACF-A911-4070-A3B2-8F14E177D8FA}.Release|x86.Build.0 = Release|Win32
		{24AABAE0-71A2-4065-9891-C6E590363813}.Debug|x64.ActiveCfg = Debug|x64
		{24AABAE0-71A2-4065-9891-C6E590363813}.Debug|x64.Build.0 = Debug|x64
		{24AABAE0-71A2-4065-9891-C6E590363813}.Debug|x86.ActiveCfg = Debug|Win32
		{24AABAE0-71A2-4065-9891-C6E590363813}.Debug|x86.Build.0 = Debug|Win32
		{24AABAE0-71A2-4065-9891-C6E590363813}.Release|x64.ActiveCfg = Release|x64
		{24AABAE0-71A2-4065-9891-C6E590363813}.Release|x64.Build.0 = Release|x64
		{24AABAE0-71A2-4065-9891-C6E590363813}.Release|x86.ActiveCfg = Release|Win32
		{24AABAE0-71A2-4065-9891-C6E590363813}.Release|x86.Build.0 = Release|Win32
		{590D4288-6F0A-45D8-921F-257AD9DE6B7A}.Debug|x64.ActiveCfg = Debug|x64
		{590D4288-6F0A-45D8-921F-257AD9DE6B7A}.Debug|x64.Build.0 = Debug|x64
		{590D4288-6F0A-45D8-921F-257AD9DE6B7A}.Debug|x86.ActiveCfg = Debug|Win32
		{590D4288-6F0A-45D8-921F-257AD9DE6B7A}.Debug|x86.Build.0 = Debug|Win32
		{590D4288-6F0A-45D8-921F-257AD9DE6B7A}.Release|x64.ActiveCfg = Release|x64
		{590D4288-6F0A-45D8-921F-257AD9DE6B7A}.Release|x64.Build.0 = Release|x64
		{590D4288-6F0A-45D8-921F-257AD9DE6B7A}.Release|x86.ActiveCfg = Release|Win32
		{590D4288-6F0A-45D8-921F-257AD9DE6B7A}.Release|x86.Build.0 = Release|Win32
		{A007CF4D-BC5D-4BA3-B703-D2DA3A486A5F}.Debug|x64.ActiveCfg = Debug|x64
		{A007CF4D-BC5D-4BA3-B703-D2DA3A486A5F}.Debug|x64.Build.0 = Debug|x64
		{A007CF4D-BC5D-4BA3-B703-D2DA3A486A5F}.Debug|x86.ActiveCfg = Debug|Win32
		{A007CF4D-BC5D-4BA3-B703-D2DA3A486A5F}.Debug|x86.Build.0 = Debug|Win32
		{A007CF4D-BC5D-4BA3-B703-D2DA3A486A5F}.Release|x64.ActiveCfg = Release|x64
		{A007CF4D-BC5D-4BA3-B703-D2DA3A486A5F}.Release|x64.Build.0 = Release|x64
		{A007CF4D-BC5D-4BA3-B703-D2DA3A486A5F}.Release|x86.ActiveCfg = Release|Win32
		{A007CF4D-BC5D-4BA3-B703-D2DA3A486A5F}.Release|x86.Build.0 = Release|Win32
	EndGlobalSection
	GlobalSection(SolutionProperties) = preSolution
		HideSolutionNode = FALSE
	EndGlobalSection
	GlobalSection(ExtensibilityGlobals) = postSolution
		SolutionGuid = {72526C91-A6E3-4B51-AC7A-52DB992FFC75}
	EndGlobalSection
EndGlobal
